// !$*UTF8*$!
{
	archiveVersion = 1;
	classes = {
	};
	objectVersion = 55;
	objects = {

/* Begin PBXBuildFile section */
		F8F423372832898D003A76C2 /* Tests_iOS.swift in Sources */ = {isa = PBXBuildFile; fileRef = F8F423362832898D003A76C2 /* Tests_iOS.swift */; };
		F8F423392832898D003A76C2 /* Tests_iOSLaunchTests.swift in Sources */ = {isa = PBXBuildFile; fileRef = F8F423382832898D003A76C2 /* Tests_iOSLaunchTests.swift */; };
		F8F423432832898D003A76C2 /* Tests_macOS.swift in Sources */ = {isa = PBXBuildFile; fileRef = F8F423422832898D003A76C2 /* Tests_macOS.swift */; };
		F8F423452832898D003A76C2 /* Tests_macOSLaunchTests.swift in Sources */ = {isa = PBXBuildFile; fileRef = F8F423442832898D003A76C2 /* Tests_macOSLaunchTests.swift */; };
		F8F423462832898D003A76C2 /* ListTestApp.swift in Sources */ = {isa = PBXBuildFile; fileRef = F8F4231E2832898B003A76C2 /* ListTestApp.swift */; };
		F8F423472832898D003A76C2 /* ListTestApp.swift in Sources */ = {isa = PBXBuildFile; fileRef = F8F4231E2832898B003A76C2 /* ListTestApp.swift */; };
		F8F423482832898D003A76C2 /* ContentView.swift in Sources */ = {isa = PBXBuildFile; fileRef = F8F4231F2832898B003A76C2 /* ContentView.swift */; };
		F8F423492832898D003A76C2 /* ContentView.swift in Sources */ = {isa = PBXBuildFile; fileRef = F8F4231F2832898B003A76C2 /* ContentView.swift */; };
		F8F4234A2832898D003A76C2 /* Assets.xcassets in Resources */ = {isa = PBXBuildFile; fileRef = F8F423202832898D003A76C2 /* Assets.xcassets */; };
		F8F4234B2832898D003A76C2 /* Assets.xcassets in Resources */ = {isa = PBXBuildFile; fileRef = F8F423202832898D003A76C2 /* Assets.xcassets */; };
/* End PBXBuildFile section */

/* Begin PBXContainerItemProxy section */
		F8F423332832898D003A76C2 /* PBXContainerItemProxy */ = {
			isa = PBXContainerItemProxy;
			containerPortal = F8F423192832898A003A76C2 /* Project object */;
			proxyType = 1;
			remoteGlobalIDString = F8F423242832898D003A76C2;
			remoteInfo = "ListTest (iOS)";
		};
		F8F4233F2832898D003A76C2 /* PBXContainerItemProxy */ = {
			isa = PBXContainerItemProxy;
			containerPortal = F8F423192832898A003A76C2 /* Project object */;
			proxyType = 1;
			remoteGlobalIDString = F8F4232A2832898D003A76C2;
			remoteInfo = "ListTest (macOS)";
		};
/* End PBXContainerItemProxy section */

/* Begin PBXFileReference section */
		F8F4231E2832898B003A76C2 /* ListTestApp.swift */ = {isa = PBXFileReference; lastKnownFileType = sourcecode.swift; path = ListTestApp.swift; sourceTree = "<group>"; };
		F8F4231F2832898B003A76C2 /* ContentView.swift */ = {isa = PBXFileReference; lastKnownFileType = sourcecode.swift; path = ContentView.swift; sourceTree = "<group>"; };
		F8F423202832898D003A76C2 /* Assets.xcassets */ = {isa = PBXFileReference; lastKnownFileType = folder.assetcatalog; path = Assets.xcassets; sourceTree = "<group>"; };
		F8F423252832898D003A76C2 /* ListTest.app */ = {isa = PBXFileReference; explicitFileType = wrapper.application; includeInIndex = 0; path = ListTest.app; sourceTree = BUILT_PRODUCTS_DIR; };
		F8F4232B2832898D003A76C2 /* ListTest.app */ = {isa = PBXFileReference; explicitFileType = wrapper.application; includeInIndex = 0; path = ListTest.app; sourceTree = BUILT_PRODUCTS_DIR; };
		F8F4232D2832898D003A76C2 /* macOS.entitlements */ = {isa = PBXFileReference; lastKnownFileType = text.plist.entitlements; path = macOS.entitlements; sourceTree = "<group>"; };
		F8F423322832898D003A76C2 /* Tests iOS.xctest */ = {isa = PBXFileReference; explicitFileType = wrapper.cfbundle; includeInIndex = 0; path = "Tests iOS.xctest"; sourceTree = BUILT_PRODUCTS_DIR; };
		F8F423362832898D003A76C2 /* Tests_iOS.swift */ = {isa = PBXFileReference; lastKnownFileType = sourcecode.swift; path = Tests_iOS.swift; sourceTree = "<group>"; };
		F8F423382832898D003A76C2 /* Tests_iOSLaunchTests.swift */ = {isa = PBXFileReference; lastKnownFileType = sourcecode.swift; path = Tests_iOSLaunchTests.swift; sourceTree = "<group>"; };
		F8F4233E2832898D003A76C2 /* Tests macOS.xctest */ = {isa = PBXFileReference; explicitFileType = wrapper.cfbundle; includeInIndex = 0; path = "Tests macOS.xctest"; sourceTree = BUILT_PRODUCTS_DIR; };
		F8F423422832898D003A76C2 /* Tests_macOS.swift */ = {isa = PBXFileReference; lastKnownFileType = sourcecode.swift; path = Tests_macOS.swift; sourceTree = "<group>"; };
		F8F423442832898D003A76C2 /* Tests_macOSLaunchTests.swift */ = {isa = PBXFileReference; lastKnownFileType = sourcecode.swift; path = Tests_macOSLaunchTests.swift; sourceTree = "<group>"; };
/* End PBXFileReference section */

/* Begin PBXFrameworksBuildPhase section */
		F8F423222832898D003A76C2 /* Frameworks */ = {
			isa = PBXFrameworksBuildPhase;
			buildActionMask = 2147483647;
			files = (
			);
			runOnlyForDeploymentPostprocessing = 0;
		};
		F8F423282832898D003A76C2 /* Frameworks */ = {
			isa = PBXFrameworksBuildPhase;
			buildActionMask = 2147483647;
			files = (
			);
			runOnlyForDeploymentPostprocessing = 0;
		};
		F8F4232F2832898D003A76C2 /* Frameworks */ = {
			isa = PBXFrameworksBuildPhase;
			buildActionMask = 2147483647;
			files = (
			);
			runOnlyForDeploymentPostprocessing = 0;
		};
		F8F4233B2832898D003A76C2 /* Frameworks */ = {
			isa = PBXFrameworksBuildPhase;
			buildActionMask = 2147483647;
			files = (
			);
			runOnlyForDeploymentPostprocessing = 0;
		};
/* End PBXFrameworksBuildPhase section */

/* Begin PBXGroup section */
		F8F423182832898A003A76C2 = {
			isa = PBXGroup;
			children = (
				F8F4231D2832898A003A76C2 /* Shared */,
				F8F4232C2832898D003A76C2 /* macOS */,
				F8F423352832898D003A76C2 /* Tests iOS */,
				F8F423412832898D003A76C2 /* Tests macOS */,
				F8F423262832898D003A76C2 /* Products */,
			);
			sourceTree = "<group>";
		};
		F8F4231D2832898A003A76C2 /* Shared */ = {
			isa = PBXGroup;
			children = (
				F8F4231E2832898B003A76C2 /* ListTestApp.swift */,
				F8F4231F2832898B003A76C2 /* ContentView.swift */,
				F8F423202832898D003A76C2 /* Assets.xcassets */,
			);
			path = Shared;
			sourceTree = "<group>";
		};
		F8F423262832898D003A76C2 /* Products */ = {
			isa = PBXGroup;
			children = (
				F8F423252832898D003A76C2 /* ListTest.app */,
				F8F4232B2832898D003A76C2 /* ListTest.app */,
				F8F423322832898D003A76C2 /* Tests iOS.xctest */,
				F8F4233E2832898D003A76C2 /* Tests macOS.xctest */,
			);
			name = Products;
			sourceTree = "<group>";
		};
		F8F4232C2832898D003A76C2 /* macOS */ = {
			isa = PBXGroup;
			children = (
				F8F4232D2832898D003A76C2 /* macOS.entitlements */,
			);
			path = macOS;
			sourceTree = "<group>";
		};
		F8F423352832898D003A76C2 /* Tests iOS */ = {
			isa = PBXGroup;
			children = (
				F8F423362832898D003A76C2 /* Tests_iOS.swift */,
				F8F423382832898D003A76C2 /* Tests_iOSLaunchTests.swift */,
			);
			path = "Tests iOS";
			sourceTree = "<group>";
		};
		F8F423412832898D003A76C2 /* Tests macOS */ = {
			isa = PBXGroup;
			children = (
				F8F423422832898D003A76C2 /* Tests_macOS.swift */,
				F8F423442832898D003A76C2 /* Tests_macOSLaunchTests.swift */,
			);
			path = "Tests macOS";
			sourceTree = "<group>";
		};
/* End PBXGroup section */

/* Begin PBXNativeTarget section */
		F8F423242832898D003A76C2 /* ListTest (iOS) */ = {
			isa = PBXNativeTarget;
			buildConfigurationList = F8F4234E2832898D003A76C2 /* Build configuration list for PBXNativeTarget "ListTest (iOS)" */;
			buildPhases = (
				F8F423212832898D003A76C2 /* Sources */,
				F8F423222832898D003A76C2 /* Frameworks */,
				F8F423232832898D003A76C2 /* Resources */,
			);
			buildRules = (
			);
			dependencies = (
			);
			name = "ListTest (iOS)";
			productName = "ListTest (iOS)";
			productReference = F8F423252832898D003A76C2 /* ListTest.app */;
			productType = "com.apple.product-type.application";
		};
		F8F4232A2832898D003A76C2 /* ListTest (macOS) */ = {
			isa = PBXNativeTarget;
			buildConfigurationList = F8F423512832898D003A76C2 /* Build configuration list for PBXNativeTarget "ListTest (macOS)" */;
			buildPhases = (
				F8F423272832898D003A76C2 /* Sources */,
				F8F423282832898D003A76C2 /* Frameworks */,
				F8F423292832898D003A76C2 /* Resources */,
			);
			buildRules = (
			);
			dependencies = (
			);
			name = "ListTest (macOS)";
			productName = "ListTest (macOS)";
			productReference = F8F4232B2832898D003A76C2 /* ListTest.app */;
			productType = "com.apple.product-type.application";
		};
		F8F423312832898D003A76C2 /* Tests iOS */ = {
			isa = PBXNativeTarget;
			buildConfigurationList = F8F423542832898D003A76C2 /* Build configuration list for PBXNativeTarget "Tests iOS" */;
			buildPhases = (
				F8F4232E2832898D003A76C2 /* Sources */,
				F8F4232F2832898D003A76C2 /* Frameworks */,
				F8F423302832898D003A76C2 /* Resources */,
			);
			buildRules = (
			);
			dependencies = (
				F8F423342832898D003A76C2 /* PBXTargetDependency */,
			);
			name = "Tests iOS";
			productName = "Tests iOS";
			productReference = F8F423322832898D003A76C2 /* Tests iOS.xctest */;
			productType = "com.apple.product-type.bundle.ui-testing";
		};
		F8F4233D2832898D003A76C2 /* Tests macOS */ = {
			isa = PBXNativeTarget;
			buildConfigurationList = F8F423572832898D003A76C2 /* Build configuration list for PBXNativeTarget "Tests macOS" */;
			buildPhases = (
				F8F4233A2832898D003A76C2 /* Sources */,
				F8F4233B2832898D003A76C2 /* Frameworks */,
				F8F4233C2832898D003A76C2 /* Resources */,
			);
			buildRules = (
			);
			dependencies = (
				F8F423402832898D003A76C2 /* PBXTargetDependency */,
			);
			name = "Tests macOS";
			productName = "Tests macOS";
			productReference = F8F4233E2832898D003A76C2 /* Tests macOS.xctest */;
			productType = "com.apple.product-type.bundle.ui-testing";
		};
/* End PBXNativeTarget section */

/* Begin PBXProject section */
		F8F423192832898A003A76C2 /* Project object */ = {
			isa = PBXProject;
			attributes = {
				BuildIndependentTargetsInParallel = 1;
				LastSwiftUpdateCheck = 1330;
				LastUpgradeCheck = 1330;
				TargetAttributes = {
					F8F423242832898D003A76C2 = {
						CreatedOnToolsVersion = 13.3.1;
					};
					F8F4232A2832898D003A76C2 = {
						CreatedOnToolsVersion = 13.3.1;
					};
					F8F423312832898D003A76C2 = {
						CreatedOnToolsVersion = 13.3.1;
						TestTargetID = F8F423242832898D003A76C2;
					};
					F8F4233D2832898D003A76C2 = {
						CreatedOnToolsVersion = 13.3.1;
						TestTargetID = F8F4232A2832898D003A76C2;
					};
				};
			};
			buildConfigurationList = F8F4231C2832898A003A76C2 /* Build configuration list for PBXProject "ListTest" */;
			compatibilityVersion = "Xcode 13.0";
			developmentRegion = en;
			hasScannedForEncodings = 0;
			knownRegions = (
				en,
				Base,
			);
			mainGroup = F8F423182832898A003A76C2;
			productRefGroup = F8F423262832898D003A76C2 /* Products */;
			projectDirPath = "";
			projectRoot = "";
			targets = (
				F8F423242832898D003A76C2 /* ListTest (iOS) */,
				F8F4232A2832898D003A76C2 /* ListTest (macOS) */,
				F8F423312832898D003A76C2 /* Tests iOS */,
				F8F4233D2832898D003A76C2 /* Tests macOS */,
			);
		};
/* End PBXProject section */

/* Begin PBXResourcesBuildPhase section */
		F8F423232832898D003A76C2 /* Resources */ = {
			isa = PBXResourcesBuildPhase;
			buildActionMask = 2147483647;
			files = (
				F8F4234A2832898D003A76C2 /* Assets.xcassets in Resources */,
			);
			runOnlyForDeploymentPostprocessing = 0;
		};
		F8F423292832898D003A76C2 /* Resources */ = {
			isa = PBXResourcesBuildPhase;
			buildActionMask = 2147483647;
			files = (
				F8F4234B2832898D003A76C2 /* Assets.xcassets in Resources */,
			);
			runOnlyForDeploymentPostprocessing = 0;
		};
		F8F423302832898D003A76C2 /* Resources */ = {
			isa = PBXResourcesBuildPhase;
			buildActionMask = 2147483647;
			files = (
			);
			runOnlyForDeploymentPostprocessing = 0;
		};
		F8F4233C2832898D003A76C2 /* Resources */ = {
			isa = PBXResourcesBuildPhase;
			buildActionMask = 2147483647;
			files = (
			);
			runOnlyForDeploymentPostprocessing = 0;
		};
/* End PBXResourcesBuildPhase section */

/* Begin PBXSourcesBuildPhase section */
		F8F423212832898D003A76C2 /* Sources */ = {
			isa = PBXSourcesBuildPhase;
			buildActionMask = 2147483647;
			files = (
				F8F423482832898D003A76C2 /* ContentView.swift in Sources */,
				F8F423462832898D003A76C2 /* ListTestApp.swift in Sources */,
			);
			runOnlyForDeploymentPostprocessing = 0;
		};
		F8F423272832898D003A76C2 /* Sources */ = {
			isa = PBXSourcesBuildPhase;
			buildActionMask = 2147483647;
			files = (
				F8F423492832898D003A76C2 /* ContentView.swift in Sources */,
				F8F423472832898D003A76C2 /* ListTestApp.swift in Sources */,
			);
			runOnlyForDeploymentPostprocessing = 0;
		};
		F8F4232E2832898D003A76C2 /* Sources */ = {
			isa = PBXSourcesBuildPhase;
			buildActionMask = 2147483647;
			files = (
				F8F423392832898D003A76C2 /* Tests_iOSLaunchTests.swift in Sources */,
				F8F423372832898D003A76C2 /* Tests_iOS.swift in Sources */,
			);
			runOnlyForDeploymentPostprocessing = 0;
		};
		F8F4233A2832898D003A76C2 /* Sources */ = {
			isa = PBXSourcesBuildPhase;
			buildActionMask = 2147483647;
			files = (
				F8F423452832898D003A76C2 /* Tests_macOSLaunchTests.swift in Sources */,
				F8F423432832898D003A76C2 /* Tests_macOS.swift in Sources */,
			);
			runOnlyForDeploymentPostprocessing = 0;
		};
/* End PBXSourcesBuildPhase section */

/* Begin PBXTargetDependency section */
		F8F423342832898D003A76C2 /* PBXTargetDependency */ = {
			isa = PBXTargetDependency;
			target = F8F423242832898D003A76C2 /* ListTest (iOS) */;
			targetProxy = F8F423332832898D003A76C2 /* PBXContainerItemProxy */;
		};
		F8F423402832898D003A76C2 /* PBXTargetDependency */ = {
			isa = PBXTargetDependency;
			target = F8F4232A2832898D003A76C2 /* ListTest (macOS) */;
			targetProxy = F8F4233F2832898D003A76C2 /* PBXContainerItemProxy */;
		};
/* End PBXTargetDependency section */

/* Begin XCBuildConfiguration section */
		F8F4234C2832898D003A76C2 /* Debug */ = {
			isa = XCBuildConfiguration;
			buildSettings = {
				ALWAYS_SEARCH_USER_PATHS = NO;
				CLANG_ANALYZER_NONNULL = YES;
				CLANG_ANALYZER_NUMBER_OBJECT_CONVERSION = YES_AGGRESSIVE;
				CLANG_CXX_LANGUAGE_STANDARD = "gnu++17";
				CLANG_ENABLE_MODULES = YES;
				CLANG_ENABLE_OBJC_ARC = YES;
				CLANG_ENABLE_OBJC_WEAK = YES;
				CLANG_WARN_BLOCK_CAPTURE_AUTORELEASING = YES;
				CLANG_WARN_BOOL_CONVERSION = YES;
				CLANG_WARN_COMMA = YES;
				CLANG_WARN_CONSTANT_CONVERSION = YES;
				CLANG_WARN_DEPRECATED_OBJC_IMPLEMENTATIONS = YES;
				CLANG_WARN_DIRECT_OBJC_ISA_USAGE = YES_ERROR;
				CLANG_WARN_DOCUMENTATION_COMMENTS = YES;
				CLANG_WARN_EMPTY_BODY = YES;
				CLANG_WARN_ENUM_CONVERSION = YES;
				CLANG_WARN_INFINITE_RECURSION = YES;
				CLANG_WARN_INT_CONVERSION = YES;
				CLANG_WARN_NON_LITERAL_NULL_CONVERSION = YES;
				CLANG_WARN_OBJC_IMPLICIT_RETAIN_SELF = YES;
				CLANG_WARN_OBJC_LITERAL_CONVERSION = YES;
				CLANG_WARN_OBJC_ROOT_CLASS = YES_ERROR;
				CLANG_WARN_QUOTED_INCLUDE_IN_FRAMEWORK_HEADER = YES;
				CLANG_WARN_RANGE_LOOP_ANALYSIS = YES;
				CLANG_WARN_STRICT_PROTOTYPES = YES;
				CLANG_WARN_SUSPICIOUS_MOVE = YES;
				CLANG_WARN_UNGUARDED_AVAILABILITY = YES_AGGRESSIVE;
				CLANG_WARN_UNREACHABLE_CODE = YES;
				CLANG_WARN__DUPLICATE_METHOD_MATCH = YES;
				COPY_PHASE_STRIP = NO;
				DEBUG_INFORMATION_FORMAT = dwarf;
				ENABLE_STRICT_OBJC_MSGSEND = YES;
				ENABLE_TESTABILITY = YES;
				GCC_C_LANGUAGE_STANDARD = gnu11;
				GCC_DYNAMIC_NO_PIC = NO;
				GCC_NO_COMMON_BLOCKS = YES;
				GCC_OPTIMIZATION_LEVEL = 0;
				GCC_PREPROCESSOR_DEFINITIONS = (
					"DEBUG=1",
					"$(inherited)",
				);
				GCC_WARN_64_TO_32_BIT_CONVERSION = YES;
				GCC_WARN_ABOUT_RETURN_TYPE = YES_ERROR;
				GCC_WARN_UNDECLARED_SELECTOR = YES;
				GCC_WARN_UNINITIALIZED_AUTOS = YES_AGGRESSIVE;
				GCC_WARN_UNUSED_FUNCTION = YES;
				GCC_WARN_UNUSED_VARIABLE = YES;
				MTL_ENABLE_DEBUG_INFO = INCLUDE_SOURCE;
				MTL_FAST_MATH = YES;
				ONLY_ACTIVE_ARCH = YES;
				SWIFT_ACTIVE_COMPILATION_CONDITIONS = DEBUG;
				SWIFT_OPTIMIZATION_LEVEL = "-Onone";
			};
			name = Debug;
		};
		F8F4234D2832898D003A76C2 /* Release */ = {
			isa = XCBuildConfiguration;
			buildSettings = {
				ALWAYS_SEARCH_USER_PATHS = NO;
				CLANG_ANALYZER_NONNULL = YES;
				CLANG_ANALYZER_NUMBER_OBJECT_CONVERSION = YES_AGGRESSIVE;
				CLANG_CXX_LANGUAGE_STANDARD = "gnu++17";
				CLANG_ENABLE_MODULES = YES;
				CLANG_ENABLE_OBJC_ARC = YES;
				CLANG_ENABLE_OBJC_WEAK = YES;
				CLANG_WARN_BLOCK_CAPTURE_AUTORELEASING = YES;
				CLANG_WARN_BOOL_CONVERSION = YES;
				CLANG_WARN_COMMA = YES;
				CLANG_WARN_CONSTANT_CONVERSION = YES;
				CLANG_WARN_DEPRECATED_OBJC_IMPLEMENTATIONS = YES;
				CLANG_WARN_DIRECT_OBJC_ISA_USAGE = YES_ERROR;
				CLANG_WARN_DOCUMENTATION_COMMENTS = YES;
				CLANG_WARN_EMPTY_BODY = YES;
				CLANG_WARN_ENUM_CONVERSION = YES;
				CLANG_WARN_INFINITE_RECURSION = YES;
				CLANG_WARN_INT_CONVERSION = YES;
				CLANG_WARN_NON_LITERAL_NULL_CONVERSION = YES;
				CLANG_WARN_OBJC_IMPLICIT_RETAIN_SELF = YES;
				CLANG_WARN_OBJC_LITERAL_CONVERSION = YES;
				CLANG_WARN_OBJC_ROOT_CLASS = YES_ERROR;
				CLANG_WARN_QUOTED_INCLUDE_IN_FRAMEWORK_HEADER = YES;
				CLANG_WARN_RANGE_LOOP_ANALYSIS = YES;
				CLANG_WARN_STRICT_PROTOTYPES = YES;
				CLANG_WARN_SUSPICIOUS_MOVE = YES;
				CLANG_WARN_UNGUARDED_AVAILABILITY = YES_AGGRESSIVE;
				CLANG_WARN_UNREACHABLE_CODE = YES;
				CLANG_WARN__DUPLICATE_METHOD_MATCH = YES;
				COPY_PHASE_STRIP = NO;
				DEBUG_INFORMATION_FORMAT = "dwarf-with-dsym";
				ENABLE_NS_ASSERTIONS = NO;
				ENABLE_STRICT_OBJC_MSGSEND = YES;
				GCC_C_LANGUAGE_STANDARD = gnu11;
				GCC_NO_COMMON_BLOCKS = YES;
				GCC_WARN_64_TO_32_BIT_CONVERSION = YES;
				GCC_WARN_ABOUT_RETURN_TYPE = YES_ERROR;
				GCC_WARN_UNDECLARED_SELECTOR = YES;
				GCC_WARN_UNINITIALIZED_AUTOS = YES_AGGRESSIVE;
				GCC_WARN_UNUSED_FUNCTION = YES;
				GCC_WARN_UNUSED_VARIABLE = YES;
				MTL_ENABLE_DEBUG_INFO = NO;
				MTL_FAST_MATH = YES;
				SWIFT_COMPILATION_MODE = wholemodule;
				SWIFT_OPTIMIZATION_LEVEL = "-O";
			};
			name = Release;
		};
		F8F4234F2832898D003A76C2 /* Debug */ = {
			isa = XCBuildConfiguration;
			buildSettings = {
				ASSETCATALOG_COMPILER_APPICON_NAME = AppIcon;
				ASSETCATALOG_COMPILER_GLOBAL_ACCENT_COLOR_NAME = AccentColor;
				CODE_SIGN_STYLE = Automatic;
				CURRENT_PROJECT_VERSION = 1;
				ENABLE_PREVIEWS = YES;
				GENERATE_INFOPLIST_FILE = YES;
				INFOPLIST_KEY_UIApplicationSceneManifest_Generation = YES;
				INFOPLIST_KEY_UIApplicationSupportsIndirectInputEvents = YES;
				INFOPLIST_KEY_UILaunchScreen_Generation = YES;
				INFOPLIST_KEY_UISupportedInterfaceOrientations_iPad = "UIInterfaceOrientationPortrait UIInterfaceOrientationPortraitUpsideDown UIInterfaceOrientationLandscapeLeft UIInterfaceOrientationLandscapeRight";
				INFOPLIST_KEY_UISupportedInterfaceOrientations_iPhone = "UIInterfaceOrientationPortrait UIInterfaceOrientationLandscapeLeft UIInterfaceOrientationLandscapeRight";
				IPHONEOS_DEPLOYMENT_TARGET = 15.4;
				LD_RUNPATH_SEARCH_PATHS = (
					"$(inherited)",
					"@executable_path/Frameworks",
				);
				MARKETING_VERSION = 1.0;
				PRODUCT_BUNDLE_IDENTIFIER = cup.ListTest;
				PRODUCT_NAME = ListTest;
				SDKROOT = iphoneos;
				SWIFT_EMIT_LOC_STRINGS = YES;
				SWIFT_VERSION = 5.0;
				TARGETED_DEVICE_FAMILY = "1,2";
			};
			name = Debug;
		};
		F8F423502832898D003A76C2 /* Release */ = {
			isa = XCBuildConfiguration;
			buildSettings = {
				ASSETCATALOG_COMPILER_APPICON_NAME = AppIcon;
				ASSETCATALOG_COMPILER_GLOBAL_ACCENT_COLOR_NAME = AccentColor;
				CODE_SIGN_STYLE = Automatic;
				CURRENT_PROJECT_VERSION = 1;
				ENABLE_PREVIEWS = YES;
				GENERATE_INFOPLIST_FILE = YES;
				INFOPLIST_KEY_UIApplicationSceneManifest_Generation = YES;
				INFOPLIST_KEY_UIApplicationSupportsIndirectInputEvents = YES;
				INFOPLIST_KEY_UILaunchScreen_Generation = YES;
				INFOPLIST_KEY_UISupportedInterfaceOrientations_iPad = "UIInterfaceOrientationPortrait UIInterfaceOrientationPortraitUpsideDown UIInterfaceOrientationLandscapeLeft UIInterfaceOrientationLandscapeRight";
				INFOPLIST_KEY_UISupportedInterfaceOrientations_iPhone = "UIInterfaceOrientationPortrait UIInterfaceOrientationLandscapeLeft UIInterfaceOrientationLandscapeRight";
				IPHONEOS_DEPLOYMENT_TARGET = 15.4;
				LD_RUNPATH_SEARCH_PATHS = (
					"$(inherited)",
					"@executable_path/Frameworks",
				);
				MARKETING_VERSION = 1.0;
				PRODUCT_BUNDLE_IDENTIFIER = cup.ListTest;
				PRODUCT_NAME = ListTest;
				SDKROOT = iphoneos;
				SWIFT_EMIT_LOC_STRINGS = YES;
				SWIFT_VERSION = 5.0;
				TARGETED_DEVICE_FAMILY = "1,2";
				VALIDATE_PRODUCT = YES;
			};
			name = Release;
		};
		F8F423522832898D003A76C2 /* Debug */ = {
			isa = XCBuildConfiguration;
			buildSettings = {
				ASSETCATALOG_COMPILER_APPICON_NAME = AppIcon;
				ASSETCATALOG_COMPILER_GLOBAL_ACCENT_COLOR_NAME = AccentColor;
				CODE_SIGN_ENTITLEMENTS = macOS/macOS.entitlements;
				CODE_SIGN_STYLE = Automatic;
				COMBINE_HIDPI_IMAGES = YES;
				CURRENT_PROJECT_VERSION = 1;
				ENABLE_PREVIEWS = YES;
				GENERATE_INFOPLIST_FILE = YES;
				INFOPLIST_KEY_NSHumanReadableCopyright = "";
				LD_RUNPATH_SEARCH_PATHS = (
					"$(inherited)",
					"@executable_path/../Frameworks",
				);
				MACOSX_DEPLOYMENT_TARGET = 12.0;
				MARKETING_VERSION = 1.0;
				PRODUCT_BUNDLE_IDENTIFIER = cup.ListTest;
				PRODUCT_NAME = ListTest;
				SDKROOT = macosx;
				SWIFT_EMIT_LOC_STRINGS = YES;
				SWIFT_VERSION = 5.0;
			};
			name = Debug;
		};
		F8F423532832898D003A76C2 /* Release */ = {
			isa = XCBuildConfiguration;
			buildSettings = {
				ASSETCATALOG_COMPILER_APPICON_NAME = AppIcon;
				ASSETCATALOG_COMPILER_GLOBAL_ACCENT_COLOR_NAME = AccentColor;
				CODE_SIGN_ENTITLEMENTS = macOS/macOS.entitlements;
				CODE_SIGN_STYLE = Automatic;
				COMBINE_HIDPI_IMAGES = YES;
				CURRENT_PROJECT_VERSION = 1;
				ENABLE_PREVIEWS = YES;
				GENERATE_INFOPLIST_FILE = YES;
				INFOPLIST_KEY_NSHumanReadableCopyright = "";
				LD_RUNPATH_SEARCH_PATHS = (
					"$(inherited)",
					"@executable_path/../Frameworks",
				);
				MACOSX_DEPLOYMENT_TARGET = 12.0;
				MARKETING_VERSION = 1.0;
				PRODUCT_BUNDLE_IDENTIFIER = cup.ListTest;
				PRODUCT_NAME = ListTest;
				SDKROOT = macosx;
				SWIFT_EMIT_LOC_STRINGS = YES;
				SWIFT_VERSION = 5.0;
			};
			name = Release;
		};
		F8F423552832898D003A76C2 /* Debug */ = {
			isa = XCBuildConfiguration;
			buildSettings = {
				ALWAYS_EMBED_SWIFT_STANDARD_LIBRARIES = YES;
				CODE_SIGN_STYLE = Automatic;
				CURRENT_PROJECT_VERSION = 1;
				GENERATE_INFOPLIST_FILE = YES;
				IPHONEOS_DEPLOYMENT_TARGET = 15.4;
				MARKETING_VERSION = 1.0;
				PRODUCT_BUNDLE_IDENTIFIER = "cup.Tests-iOS";
				PRODUCT_NAME = "$(TARGET_NAME)";
				SDKROOT = iphoneos;
				SWIFT_EMIT_LOC_STRINGS = NO;
				SWIFT_VERSION = 5.0;
				TARGETED_DEVICE_FAMILY = "1,2";
				TEST_TARGET_NAME = "ListTest (iOS)";
			};
			name = Debug;
		};
		F8F423562832898D003A76C2 /* Release */ = {
			isa = XCBuildConfiguration;
			buildSettings = {
				ALWAYS_EMBED_SWIFT_STANDARD_LIBRARIES = YES;
				CODE_SIGN_STYLE = Automatic;
				CURRENT_PROJECT_VERSION = 1;
				GENERATE_INFOPLIST_FILE = YES;
				IPHONEOS_DEPLOYMENT_TARGET = 15.4;
				MARKETING_VERSION = 1.0;
				PRODUCT_BUNDLE_IDENTIFIER = "cup.Tests-iOS";
				PRODUCT_NAME = "$(TARGET_NAME)";
				SDKROOT = iphoneos;
				SWIFT_EMIT_LOC_STRINGS = NO;
				SWIFT_VERSION = 5.0;
				TARGETED_DEVICE_FAMILY = "1,2";
				TEST_TARGET_NAME = "ListTest (iOS)";
				VALIDATE_PRODUCT = YES;
			};
			name = Release;
		};
		F8F423582832898D003A76C2 /* Debug */ = {
			isa = XCBuildConfiguration;
			buildSettings = {
				ALWAYS_EMBED_SWIFT_STANDARD_LIBRARIES = YES;
				CODE_SIGN_STYLE = Automatic;
				CURRENT_PROJECT_VERSION = 1;
				GENERATE_INFOPLIST_FILE = YES;
				MACOSX_DEPLOYMENT_TARGET = 12.0;
				MARKETING_VERSION = 1.0;
				PRODUCT_BUNDLE_IDENTIFIER = "cup.Tests-macOS";
				PRODUCT_NAME = "$(TARGET_NAME)";
				SDKROOT = macosx;
				SWIFT_EMIT_LOC_STRINGS = NO;
				SWIFT_VERSION = 5.0;
				TEST_TARGET_NAME = "ListTest (macOS)";
			};
			name = Debug;
		};
		F8F423592832898D003A76C2 /* Release */ = {
			isa = XCBuildConfiguration;
			buildSettings = {
				ALWAYS_EMBED_SWIFT_STANDARD_LIBRARIES = YES;
				CODE_SIGN_STYLE = Automatic;
				CURRENT_PROJECT_VERSION = 1;
				GENERATE_INFOPLIST_FILE = YES;
				MACOSX_DEPLOYMENT_TARGET = 12.0;
				MARKETING_VERSION = 1.0;
				PRODUCT_BUNDLE_IDENTIFIER = "cup.Tests-macOS";
				PRODUCT_NAME = "$(TARGET_NAME)";
				SDKROOT = macosx;
				SWIFT_EMIT_LOC_STRINGS = NO;
				SWIFT_VERSION = 5.0;
				TEST_TARGET_NAME = "ListTest (macOS)";
			};
			name = Release;
		};
/* End XCBuildConfiguration section */

/* Begin XCConfigurationList section */
		F8F4231C2832898A003A76C2 /* Build configuration list for PBXProject "ListTest" */ = {
			isa = XCConfigurationList;
			buildConfigurations = (
				F8F4234C2832898D003A76C2 /* Debug */,
				F8F4234D2832898D003A76C2 /* Release */,
			);
			defaultConfigurationIsVisible = 0;
			defaultConfigurationName = Release;
		};
		F8F4234E2832898D003A76C2 /* Build configuration list for PBXNativeTarget "ListTest (iOS)" */ = {
			isa = XCConfigurationList;
			buildConfigurations = (
				F8F4234F2832898D003A76C2 /* Debug */,
				F8F423502832898D003A76C2 /* Release */,
			);
			defaultConfigurationIsVisible = 0;
			defaultConfigurationName = Release;
		};
		F8F423512832898D003A76C2 /* Build configuration list for PBXNativeTarget "ListTest (macOS)" */ = {
			isa = XCConfigurationList;
			buildConfigurations = (
				F8F423522832898D003A76C2 /* Debug */,
				F8F423532832898D003A76C2 /* Release */,
			);
			defaultConfigurationIsVisible = 0;
			defaultConfigurationName = Release;
		};
		F8F423542832898D003A76C2 /* Build configuration list for PBXNativeTarget "Tests iOS" */ = {
			isa = XCConfigurationList;
			buildConfigurations = (
				F8F423552832898D003A76C2 /* Debug */,
				F8F423562832898D003A76C2 /* Release */,
			);
			defaultConfigurationIsVisible = 0;
			defaultConfigurationName = Release;
		};
		F8F423572832898D003A76C2 /* Build configuration list for PBXNativeTarget "Tests macOS" */ = {
			isa = XCConfigurationList;
			buildConfigurations = (
				F8F423582832898D003A76C2 /* Debug */,
				F8F423592832898D003A76C2 /* Release */,
			);
			defaultConfigurationIsVisible = 0;
			defaultConfigurationName = Release;
		};
/* End XCConfigurationList section */
	};
	rootObject = F8F423192832898A003A76C2 /* Project object */;
}
